
Microsoft Visual Studio Solution File, Format Version 12.00
# Visual Studio Version 17
VisualStudioVersion = 17.0.31903.59
MinimumVisualStudioVersion = 10.0.40219.1
Project("{FAE04EC0-301F-11D3-BF4B-00C04F79EFBC}") = "Tickect-System-MVC", "Tickect-System-MVC\Tickect-System-MVC.csproj", "{7CCC06CC-2476-4C6C-AF6C-CD2E6609396C}"
EndProject
Global
	GlobalSection(SolutionConfigurationPlatforms) = preSolution
		Debug|Any CPU = Debug|Any CPU
		Release|Any CPU = Release|Any CPU
	EndGlobalSection
	GlobalSection(ProjectConfigurationPlatforms) = postSolution
		{7CCC06CC-2476-4C6C-AF6C-CD2E6609396C}.Debug|Any CPU.ActiveCfg = Debug|Any CPU
		{7CCC06CC-2476-4C6C-AF6C-CD2E6609396C}.Debug|Any CPU.Build.0 = Debug|Any CPU
		{7CCC06CC-2476-4C6C-AF6C-CD2E6609396C}.Release|Any CPU.ActiveCfg = Release|Any CPU
		{7CCC06CC-2476-4C6C-AF6C-CD2E6609396C}.Release|Any CPU.Build.0 = Release|Any CPU
	EndGlobalSection
	GlobalSection(SolutionProperties) = preSolution
		HideSolutionNode = FALSE
	EndGlobalSection
	GlobalSection(ExtensibilityGlobals) = postSolution
		SolutionGuid = {B0BE5A11-3979-4F0D-B651-9F0309F7E02C}
	EndGlobalSection
EndGlobal
